<Solution>
  <Folder Name="/Solution Items/">
    <File Path=".gitattributes" />
    <File Path=".github/workflows/publish.yml" />
    <File Path=".gitignore" />
    <File Path="README.md" />
    <File Path="LICENSE" />
  </Folder>
  <Folder Name="/demos/">
    <Project Path="demos/SpectreHelpers.ProgressDemo/SpectreHelpers.ProgressDemo.csproj" />
    <Project Path="demos/SpectreHelpers.StatusDemo/SpectreHelpers.StatusDemo.csproj" />
  </Folder>
  <Project Path="SpectreHelpers/SpectreHelpers.csproj" />
</Solution>
